
Microsoft Visual Studio Solution File, Format Version 12.00
# Visual Studio Version 17
VisualStudioVersion = 17.3.32922.545
MinimumVisualStudioVersion = 10.0.40219.1
Project("{FAE04EC0-301F-11D3-BF4B-00C04F79EFBC}") = "Matrix", "Matrix\Matrix.csproj", "{58618789-ED7F-43D2-A8B3-C6B4BE7C427E}"
EndProject
Global
	GlobalSection(SolutionConfigurationPlatforms) = preSolution
		Debug|Any CPU = Debug|Any CPU
		Release|Any CPU = Release|Any CPU
	EndGlobalSection
	GlobalSection(ProjectConfigurationPlatforms) = postSolution
		{58618789-ED7F-43D2-A8B3-C6B4BE7C427E}.Debug|Any CPU.ActiveCfg = Debug|Any CPU
		{58618789-ED7F-43D2-A8B3-C6B4BE7C427E}.Debug|Any CPU.Build.0 = Debug|Any CPU
		{58618789-ED7F-43D2-A8B3-C6B4BE7C427E}.Release|Any CPU.ActiveCfg = Release|Any CPU
		{58618789-ED7F-43D2-A8B3-C6B4BE7C427E}.Release|Any CPU.Build.0 = Release|Any CPU
	EndGlobalSection
	GlobalSection(SolutionProperties) = preSolution
		HideSolutionNode = FALSE
	EndGlobalSection
	GlobalSection(ExtensibilityGlobals) = postSolution
		SolutionGuid = {8615CD56-41F1-41D0-ABC7-BFCE116A703D}
	EndGlobalSection
EndGlobal
